
Microsoft Visual Studio Solution File, Format Version 12.00
# Visual Studio Version 17
VisualStudioVersion = 17.4.33213.308
MinimumVisualStudioVersion = 10.0.40219.1
Project("{FAE04EC0-301F-11D3-BF4B-00C04F79EFBC}") = "Avião", "Avião\Avião.csproj", "{8A113141-B4D0-4DAA-AEE1-A0449E391D93}"
EndProject
Global
	GlobalSection(SolutionConfigurationPlatforms) = preSolution
		Debug|Any CPU = Debug|Any CPU
		Release|Any CPU = Release|Any CPU
	EndGlobalSection
	GlobalSection(ProjectConfigurationPlatforms) = postSolution
		{8A113141-B4D0-4DAA-AEE1-A0449E391D93}.Debug|Any CPU.ActiveCfg = Debug|Any CPU
		{8A113141-B4D0-4DAA-AEE1-A0449E391D93}.Debug|Any CPU.Build.0 = Debug|Any CPU
		{8A113141-B4D0-4DAA-AEE1-A0449E391D93}.Release|Any CPU.ActiveCfg = Release|Any CPU
		{8A113141-B4D0-4DAA-AEE1-A0449E391D93}.Release|Any CPU.Build.0 = Release|Any CPU
	EndGlobalSection
	GlobalSection(SolutionProperties) = preSolution
		HideSolutionNode = FALSE
	EndGlobalSection
	GlobalSection(ExtensibilityGlobals) = postSolution
		SolutionGuid = {536E53A9-1BC9-4D7D-AD6C-DB27FF1853C8}
	EndGlobalSection
EndGlobal
