
Microsoft Visual Studio Solution File, Format Version 12.00
# Visual Studio Version 17
VisualStudioVersion = 17.7.34024.191
MinimumVisualStudioVersion = 10.0.40219.1
Project("{FAE04EC0-301F-11D3-BF4B-00C04F79EFBC}") = "folha pagamento", "folha pagamento\folha pagamento.csproj", "{4E37B11D-F8FF-4563-9500-829A6F22BE2A}"
EndProject
Global
	GlobalSection(SolutionConfigurationPlatforms) = preSolution
		Debug|Any CPU = Debug|Any CPU
		Release|Any CPU = Release|Any CPU
	EndGlobalSection
	GlobalSection(ProjectConfigurationPlatforms) = postSolution
		{4E37B11D-F8FF-4563-9500-829A6F22BE2A}.Debug|Any CPU.ActiveCfg = Debug|Any CPU
		{4E37B11D-F8FF-4563-9500-829A6F22BE2A}.Debug|Any CPU.Build.0 = Debug|Any CPU
		{4E37B11D-F8FF-4563-9500-829A6F22BE2A}.Release|Any CPU.ActiveCfg = Release|Any CPU
		{4E37B11D-F8FF-4563-9500-829A6F22BE2A}.Release|Any CPU.Build.0 = Release|Any CPU
	EndGlobalSection
	GlobalSection(SolutionProperties) = preSolution
		HideSolutionNode = FALSE
	EndGlobalSection
	GlobalSection(ExtensibilityGlobals) = postSolution
		SolutionGuid = {862884E7-5ED5-4A3F-9978-46107B121627}
	EndGlobalSection
EndGlobal
